
Microsoft Visual Studio Solution File, Format Version 12.00
# Visual Studio Version 17
VisualStudioVersion = 17.1.32228.430
MinimumVisualStudioVersion = 10.0.40219.1
Project("{9A19103F-16F7-4668-BE54-9A1E7A4F7556}") = "Introduction", "Introduction\Introduction.csproj", "{E280E0E4-C420-431D-91A3-666432B583F7}"
EndProject
Project("{9A19103F-16F7-4668-BE54-9A1E7A4F7556}") = "Generate_JWT_Token", "Generate_JWT_Token\Generate_JWT_Token.csproj", "{90A7F56B-E13E-4989-8608-EF41556E4CFD}"
EndProject
Project("{9A19103F-16F7-4668-BE54-9A1E7A4F7556}") = "Authorization_Using_JWT_Tokens", "Authorization_Using_JWT_Tokens\Authorization_Using_JWT_Tokens.csproj", "{656AEB2A-9A01-4B15-BC88-34CE9742C134}"
EndProject
Project("{9A19103F-16F7-4668-BE54-9A1E7A4F7556}") = "Cookie_Authentication", "Cookie_Authentication\Cookie_Authentication.csproj", "{5A86AAB6-4BCB-4DF4-8CAF-6F1A92133FA2}"
EndProject
Project("{FAE04EC0-301F-11D3-BF4B-00C04F79EFBC}") = "UserAndClaims", "UserAndClaims\UserAndClaims.csproj", "{1BF1AA3E-E26C-48F0-BCA7-3EB0C55FDF5B}"
EndProject
Global
	GlobalSection(SolutionConfigurationPlatforms) = preSolution
		Debug|Any CPU = Debug|Any CPU
		Release|Any CPU = Release|Any CPU
	EndGlobalSection
	GlobalSection(ProjectConfigurationPlatforms) = postSolution
		{E280E0E4-C420-431D-91A3-666432B583F7}.Debug|Any CPU.ActiveCfg = Debug|Any CPU
		{E280E0E4-C420-431D-91A3-666432B583F7}.Debug|Any CPU.Build.0 = Debug|Any CPU
		{E280E0E4-C420-431D-91A3-666432B583F7}.Release|Any CPU.ActiveCfg = Release|Any CPU
		{E280E0E4-C420-431D-91A3-666432B583F7}.Release|Any CPU.Build.0 = Release|Any CPU
		{90A7F56B-E13E-4989-8608-EF41556E4CFD}.Debug|Any CPU.ActiveCfg = Debug|Any CPU
		{90A7F56B-E13E-4989-8608-EF41556E4CFD}.Debug|Any CPU.Build.0 = Debug|Any CPU
		{90A7F56B-E13E-4989-8608-EF41556E4CFD}.Release|Any CPU.ActiveCfg = Release|Any CPU
		{90A7F56B-E13E-4989-8608-EF41556E4CFD}.Release|Any CPU.Build.0 = Release|Any CPU
		{656AEB2A-9A01-4B15-BC88-34CE9742C134}.Debug|Any CPU.ActiveCfg = Debug|Any CPU
		{656AEB2A-9A01-4B15-BC88-34CE9742C134}.Debug|Any CPU.Build.0 = Debug|Any CPU
		{656AEB2A-9A01-4B15-BC88-34CE9742C134}.Release|Any CPU.ActiveCfg = Release|Any CPU
		{656AEB2A-9A01-4B15-BC88-34CE9742C134}.Release|Any CPU.Build.0 = Release|Any CPU
		{5A86AAB6-4BCB-4DF4-8CAF-6F1A92133FA2}.Debug|Any CPU.ActiveCfg = Debug|Any CPU
		{5A86AAB6-4BCB-4DF4-8CAF-6F1A92133FA2}.Debug|Any CPU.Build.0 = Debug|Any CPU
		{5A86AAB6-4BCB-4DF4-8CAF-6F1A92133FA2}.Release|Any CPU.ActiveCfg = Release|Any CPU
		{5A86AAB6-4BCB-4DF4-8CAF-6F1A92133FA2}.Release|Any CPU.Build.0 = Release|Any CPU
		{1BF1AA3E-E26C-48F0-BCA7-3EB0C55FDF5B}.Debug|Any CPU.ActiveCfg = Debug|Any CPU
		{1BF1AA3E-E26C-48F0-BCA7-3EB0C55FDF5B}.Debug|Any CPU.Build.0 = Debug|Any CPU
		{1BF1AA3E-E26C-48F0-BCA7-3EB0C55FDF5B}.Release|Any CPU.ActiveCfg = Release|Any CPU
		{1BF1AA3E-E26C-48F0-BCA7-3EB0C55FDF5B}.Release|Any CPU.Build.0 = Release|Any CPU
	EndGlobalSection
	GlobalSection(SolutionProperties) = preSolution
		HideSolutionNode = FALSE
	EndGlobalSection
	GlobalSection(ExtensibilityGlobals) = postSolution
		SolutionGuid = {A263731B-24F3-4767-8250-DBB1CA8D149C}
	EndGlobalSection
EndGlobal
